github.com/Azure/azure-sdk-for-go v68.0.0+incompatible h1:fcYLmCpyNYRnvJbPerq7U0hS+6+I79yEDJBqVNcqUzU=
github.com/Azure/azure-sdk-for-go v68.0.0+incompatible/go.mod h1:9XXNKU+eRnpl9moKnB4QOLf1HestfXbmab5FXxiDBjc=
github.com/Azure/azure-sdk-for-go/sdk/azcore v1.9.1 h1:lGlwhPtrX6EVml1hO0ivjkUxsSyl4dsiw9qcA1k/3IQ=
github.com/Azure/azure-sdk-for-go/sdk/azcore v1.9.1/go.mod h1:RKUqNu35KJYcVG/fqTRqmuXJZYNhYkBrnC/hX7yGbTA=
github.com/Azure/azure-sdk-for-go/sdk/azidentity v1.4.0 h1:BMAjVKJM0U/CYF27gA0ZMmXGkOcvfFtD0oHVZ1TIPRI=
github.com/Azure/azure-sdk-for-go/sdk/azidentity v1.4.0/go.mod h1:1fXstnBMas5kzG+S3q8UoJcmyU6nUeunJcMDHcRYHhs=
github.com/Azure/azure-sdk-for-go/sdk/internal v1.5.1 h1:6oNBlSdi1QqM1PNW7FPA6xOGA5UNsXnkaYZz9vdPGhA=
github.com/Azure/azure-sdk-for-go/sdk/internal v1.5.1/go.mod h1:s4kgfzA0covAXNicZHDMN58jExvcng2mC/DepXiF1EI=
github.com/Azure/azure-sdk-for-go/sdk/resourcemanager/internal/v2 v2.0.0 h1:PTFGRSlMKCQelWwxUyYVEUqseBJVemLyqWJjvMyt0do=
github.com/Azure/azure-sdk-for-go/sdk/resourcemanager/internal/v2 v2.0.0/go.mod h1:LRr2FzBTQlONPPa5HREE5+RjSCTXl7BwOvYOaWTqCaI=
github.com/Azure/azure-sdk-for-go/sdk/resourcemanager/managementgroups/armmanagementgroups v1.0.0 h1:pPvTJ1dY0sA35JOeFq6TsY2xj6Z85Yo23Pj4wCCvu4o=
github.com/Azure/azure-sdk-for-go/sdk/resourcemanager/managementgroups/armmanagementgroups v1.0.0/go.mod h1:mLfWfj8v3jfWKsL9G4eoBoXVcsqcIUTapmdKy7uGOp0=
github.com/Azure/azure-sdk-for-go/sdk/resourcemanager/resources/armresources v1.2.0 h1:Dd+RhdJn0OTtVGaeDLZpcumkIVCtA/3/Fo42+eoYvVM=
github.com/Azure/azure-sdk-for-go/sdk/resourcemanager/resources/armresources v1.2.0/go.mod h1:5kakwfW5CjC9KK+Q4wjXAg+ShuIm2mBMua0ZFj2C8PE=
github.com/Azure/azure-sdk-for-go/sdk/resourcemanager/storage/armstorage v1.5.0 h1:AifHbc4mg0x9zW52WOpKbsHaDKuRhlI7TVl47thgQ70=
github.com/Azure/azure-sdk-for-go/sdk/resourcemanager/storage/armstorage v1.5.0/go.mod h1:T5RfihdXtBDxt1Ch2wobif3TvzTdumDy29kahv6AV9A=
github.com/Azure/azure-sdk-for-go/sdk/storage/azblob v1.2.1 h1:AMf7YbZOZIW5b66cXNHMWWT/zkjhz5+a+k/3x40EO7E=
github.com/Azure/azure-sdk-for-go/sdk/storage/azblob v1.2.1/go.mod h1:uwfk06ZBcvL/g4VHNjurPfVln9NMbsk2XIZxJ+hu81k=
github.com/Azure/go-autorest v14.2.0+incompatible h1:V5VMDjClD3GiElqLWO7mz2MxNAK/vTfRHdAubSIPRgs=
github.com/Azure/go-autorest v14.2.0+incompatible/go.mod h1:r+4oMnoxhatjLLJ6zxSWATqVooLgysK6ZNox3g/xq24=
github.com/Azure/go-autorest/autorest v0.11.24/go.mod h1:G6kyRlFnTuSbEYkQGawPfsCswgme4iYf6rfSKUDzbCc=
github.com/Azure/go-autorest/autorest v0.11.29 h1:I4+HL/JDvErx2LjyzaVxllw2lRDB5/BT2Bm4g20iqYw=
github.com/Azure/go-autorest/autorest v0.11.29/go.mod h1:ZtEzC4Jy2JDrZLxvWs8LrBWEBycl1hbT1eknI8MtfAs=
github.com/Azure/go-autorest/autorest/adal v0.9.18/go.mod h1:XVVeme+LZwABT8K5Lc3hA4nAe8LDBVle26gTrguhhPQ=
github.com/Azure/go-autorest/autorest/adal v0.9.22/go.mod h1:XuAbAEUv2Tta//+voMI038TrJBqjKam0me7qR+L8Cmk=
github.com/Azure/go-autorest/autorest/adal v0.9.23 h1:Yepx8CvFxwNKpH6ja7RZ+sKX+DWYNldbLiALMC3BTz8=
github.com/Azure/go-autorest/autorest/adal v0.9.23/go.mod h1:5pcMqFkdPhviJdlEy3kC/v1ZLnQl0MH6XA5YCcMhy4c=
github.com/Azure/go-autorest/autorest/azure/auth v0.5.12 h1:wkAZRgT/pn8HhFyzfe9UnqOjJYqlembgCTi72Bm/xKk=
github.com/Azure/go-autorest/autorest/azure/auth v0.5.12/go.mod h1:84w/uV8E37feW2NCJ08uT9VBfjfUHpgLVnG2InYD6cg=
github.com/Azure/go-autorest/autorest/azure/cli v0.4.5/go.mod h1:ADQAXrkgm7acgWVUNamOgh8YNrv4p27l3Wc55oVfpzg=
github.com/Azure/go-autorest/autorest/azure/cli v0.4.6 h1:w77/uPk80ZET2F+AfQExZyEWtn+0Rk/uw17m9fv5Ajc=
github.com/Azure/go-autorest/autorest/azure/cli v0.4.6/go.mod h1:piCfgPho7BiIDdEQ1+g4VmKyD5y+p/XtSNqE6Hc4QD0=
github.com/Azure/go-autorest/autorest/date v0.3.0 h1:7gUk1U5M/CQbp9WoqinNzJar+8KY+LPI6wiWrP/myHw=
github.com/Azure/go-autorest/autorest/date v0.3.0/go.mod h1:BI0uouVdmngYNUzGWeSYnokU+TrmwEsOqdt8Y6sso74=
github.com/Azure/go-autorest/autorest/mocks v0.4.1/go.mod h1:LTp+uSrOhSkaKrUy935gNZuuIPPVsHlr9DSOxSayd+k=
github.com/Azure/go-autorest/autorest/mocks v0.4.2 h1:PGN4EDXnuQbojHbU0UWoNvmu9AGVwYHG9/fkDYhtAfw=
github.com/Azure/go-autorest/autorest/mocks v0.4.2/go.mod h1:Vy7OitM9Kei0i1Oj+LvyAWMXJHeKH1MVlzFugfVrmyU=
github.com/Azure/go-autorest/autorest/to v0.4.0 h1:oXVqrxakqqV1UZdSazDOPOLvOIz+XA683u8EctwboHk=
github.com/Azure/go-autorest/autorest/to v0.4.0/go.mod h1:fE8iZBn7LQR7zH/9XU2NcPR4o9jEImooCeWJcYV/zLE=
github.com/Azure/go-autorest/autorest/validation v0.3.1 h1:AgyqjAd94fwNAoTjl/WQXg4VvFeRFpO+UhNyRXqF1ac=
github.com/Azure/go-autorest/autorest/validation v0.3.1/go.mod h1:yhLgjC0Wda5DYXl6JAsWyUe4KVNffhoDhG0zVzUMo3E=
github.com/Azure/go-autorest/logger v0.2.1 h1:IG7i4p/mDa2Ce4TRyAO8IHnVhAVF3RFU+ZtXWSmf4Tg=
github.com/Azure/go-autorest/logger v0.2.1/go.mod h1:T9E3cAhj2VqvPOtCYAvby9aBXkZmbF5NWuPV8+WeEW8=
github.com/Azure/go-autorest/tracing v0.6.0 h1:TYi4+3m5t6K48TGI9AUdb+IzbnSxvnvUMfuitfgcfuo=
github.com/Azure/go-autorest/tracing v0.6.0/go.mod h1:+vhtPC754Xsa23ID7GlGsrdKBpUA79WCAKPPZVC2DeU=
github.com/AzureAD/microsoft-authentication-library-for-go v1.2.0 h1:hVeq+yCyUi+MsoO/CU95yqCIcdzra5ovzk8Q2BBpV2M=
github.com/AzureAD/microsoft-authentication-library-for-go v1.2.0/go.mod h1:wP83P5OoQ5p6ip3ScPr0BAq0BvuPAvacpEuSzyouqAI=
github.com/aquasecurity/table v1.8.0 h1:9ntpSwrUfjrM6/YviArlx/ZBGd6ix8W+MtojQcM7tv0=
github.com/aquasecurity/table v1.8.0/go.mod h1:eqOmvjjB7AhXFgFqpJUEE/ietg7RrMSJZXyTN8E/wZw=
github.com/asaskevich/govalidator v0.0.0-20230301143203-a9d515a09cc2 h1:DklsrG3dyBCFEj5IhUbnKptjxatkF07cF2ak3yi77so=
github.com/asaskevich/govalidator v0.0.0-20230301143203-a9d515a09cc2/go.mod h1:WaHUgvxTVq04UNunO+XhnAqY/wQc+bxr74GqbsZ/Jqw=
github.com/aws/aws-sdk-go-v2 v1.24.1 h1:xAojnj+ktS95YZlDf0zxWBkbFtymPeDP+rvUQIH3uAU=
github.com/aws/aws-sdk-go-v2 v1.24.1/go.mod h1:LNh45Br1YAkEKaAqvmE1m8FUx6a5b/V0oAKV7of29b4=
github.com/aws/aws-sdk-go-v2 v1.26.1 h1:5554eUqIYVWpU0YmeeYZ0wU64H2VLBs8TlhRB2L+EkA=
github.com/aws/aws-sdk-go-v2 v1.26.1/go.mod h1:ffIFB97e2yNsv4aTSGkqtHnppsIJzw7G7BReUZ3jCXM=
github.com/aws/aws-sdk-go-v2/aws/protocol/eventstream v1.5.4 h1:OCs21ST2LrepDfD3lwlQiOqIGp6JiEUqG84GzTDoyJs=
github.com/aws/aws-sdk-go-v2/aws/protocol/eventstream v1.5.4/go.mod h1:usURWEKSNNAcAZuzRn/9ZYPT8aZQkR7xcCtunK/LkJo=
github.com/aws/aws-sdk-go-v2/config v1.26.2 h1:+RWLEIWQIGgrz2pBPAUoGgNGs1TOyF4Hml7hCnYj2jc=
github.com/aws/aws-sdk-go-v2/config v1.26.2/go.mod h1:l6xqvUxt0Oj7PI/SUXYLNyZ9T/yBPn3YTQcJLLOdtR8=
github.com/aws/aws-sdk-go-v2/credentials v1.16.13 h1:WLABQ4Cp4vXtXfOWOS3MEZKr6AAYUpMczLhgKtAjQ/8=
github.com/aws/aws-sdk-go-v2/credentials v1.16.13/go.mod h1:Qg6x82FXwW0sJHzYruxGiuApNo31UEtJvXVSZAXeWiw=
github.com/aws/aws-sdk-go-v2/feature/ec2/imds v1.14.10 h1:w98BT5w+ao1/r5sUuiH6JkVzjowOKeOJRHERyy1vh58=
github.com/aws/aws-sdk-go-v2/feature/ec2/imds v1.14.10/go.mod h1:K2WGI7vUvkIv1HoNbfBA1bvIZ+9kL3YVmWxeKuLQsiw=
github.com/aws/aws-sdk-go-v2/internal/configsources v1.2.10 h1:vF+Zgd9s+H4vOXd5BMaPWykta2a6Ih0AKLq/X6NYKn4=
github.com/aws/aws-sdk-go-v2/internal/configsources v1.2.10/go.mod h1:6BkRjejp/GR4411UGqkX8+wFMbFbqsUIimfK4XjOKR4=
github.com/aws/aws-sdk-go-v2/internal/configsources v1.3.5 h1:aw39xVGeRWlWx9EzGVnhOR4yOjQDHPQ6o6NmBlscyQg=
github.com/aws/aws-sdk-go-v2/internal/configsources v1.3.5/go.mod h1:FSaRudD0dXiMPK2UjknVwwTYyZMRsHv3TtkabsZih5I=
github.com/aws/aws-sdk-go-v2/internal/endpoints/v2 v2.5.10 h1:nYPe006ktcqUji8S2mqXf9c/7NdiKriOwMvWQHgYztw=
github.com/aws/aws-sdk-go-v2/internal/endpoints/v2 v2.5.10/go.mod h1:6UV4SZkVvmODfXKql4LCbaZUpF7HO2BX38FgBf9ZOLw=
github.com/aws/aws-sdk-go-v2/internal/endpoints/v2 v2.6.5 h1:PG1F3OD1szkuQPzDw3CIQsRIrtTlUC3lP84taWzHlq0=
github.com/aws/aws-sdk-go-v2/internal/endpoints/v2 v2.6.5/go.mod h1:jU1li6RFryMz+so64PpKtudI+QzbKoIEivqdf6LNpOc=
github.com/aws/aws-sdk-go-v2/internal/ini v1.7.2 h1:GrSw8s0Gs/5zZ0SX+gX4zQjRnRsMJDJ2sLur1gRBhEM=
github.com/aws/aws-sdk-go-v2/internal/ini v1.7.2/go.mod h1:6fQQgfuGmw8Al/3M2IgIllycxV7ZW7WCdVSqfBeUiCY=
github.com/aws/aws-sdk-go-v2/internal/v4a v1.2.9 h1:ugD6qzjYtB7zM5PN/ZIeaAIyefPaD82G8+SJopgvUpw=
github.com/aws/aws-sdk-go-v2/internal/v4a v1.2.9/go.mod h1:YD0aYBWCrPENpHolhKw2XDlTIWae2GKXT1T4o6N6hiM=
github.com/aws/aws-sdk-go-v2/service/apigateway v1.21.6 h1:ePPaOVn92r5n8Neecdpy93hDmR0PBH6H6b7VQCE5vKE=
github.com/aws/aws-sdk-go-v2/service/apigateway v1.21.6/go.mod h1:P/zwE9uiC6eK/kL3CS60lxTTVC2zAvaS4iW31io41V4=
github.com/aws/aws-sdk-go-v2/service/apigatewayv2 v1.18.6 h1:bCdxKjM8DpkNJXnOLVx+Hnav0eM4yJK8kof56VvIjMc=
github.com/aws/aws-sdk-go-v2/service/apigatewayv2 v1.18.6/go.mod h1:zQ6tOYz7oGI7MbLRDBXfo63puDoTroVcVNXWfmRDA1E=
github.com/aws/aws-sdk-go-v2/service/apprunner v1.25.5 h1:YpUU6SUj7EYB+l4kGQk2ch5Vz+HK/cn2bfYsJk81+GI=
github.com/aws/aws-sdk-go-v2/service/apprunner v1.25.5/go.mod h1:W1Z87aVGwtb3egdiWLrnMyj5oHzShACix2iebsixuVA=
github.com/aws/aws-sdk-go-v2/service/athena v1.37.3 h1:qNLkDi/rOaauOuh33a4MNZjyfxvwIgC5qsDiHPvjDk0=
github.com/aws/aws-sdk-go-v2/service/athena v1.37.3/go.mod h1:MlpC6swcjh1Il80u6XoeY2BTHIZRZWvoXOfaq3rfh8I=
github.com/aws/aws-sdk-go-v2/service/cloud9 v1.22.5 h1:eSu3COqcATUvidX7AfqOhp6fJadqGD2gTX2Z0oWGUXQ=
github.com/aws/aws-sdk-go-v2/service/cloud9 v1.22.5/go.mod h1:R80rQE5F5/Qf+l4pTpxq8GiEd0OqLo3/S5bNBNEs04A=
github.com/aws/aws-sdk-go-v2/service/cloudformation v1.42.5 h1:5+m0XrCIwjjeP4f3AdC1wyQBc2ClIJi2mP4e3Wkdgvw=
github.com/aws/aws-sdk-go-v2/service/cloudformation v1.42.5/go.mod h1:oPk8ZMctRUtGC13pOE83Zp0baZgJsmzuKm4IRR+zQOI=
github.com/aws/aws-sdk-go-v2/service/cloudfront v1.32.5 h1:synDXYpTr5FA80g8twNr49Dd7iAKnxerp93l/kNm/cQ=
github.com/aws/aws-sdk-go-v2/service/cloudfront v1.32.5/go.mod h1:Dil6nVeCPyPc1gF5EeCrVUTtXexn80MpfqhgSp/Zb64=
github.com/aws/aws-sdk-go-v2/service/cloudtrail v1.35.6 h1:Yc+avPLGARzp4A9Oi9VRxvlcGqI+0MYIg4tPSupKv2U=
github.com/aws/aws-sdk-go-v2/service/cloudtrail v1.35.6/go.mod h1:zrqdG1b+4AGoTwTMVFzvzY7ARB3GPo4gKRuK8WPEo8w=
github.com/aws/aws-sdk-go-v2/service/codeartifact v1.23.5 h1:KKuWOQhF/0JPurE6c4Uaem2/Vd221FI0io5gv+rXty0=
github.com/aws/aws-sdk-go-v2/service/codeartifact v1.23.5/go.mod h1:P7DrCurmyD78GbU8IRD+JIK3f9FkeuTe9A8/zXDJv7Q=
github.com/aws/aws-sdk-go-v2/service/codebuild v1.26.5 h1:EPnlDd4V2EXywlOPAw/pMUW4PHUgSulKm4zXFU6bixE=
github.com/aws/aws-sdk-go-v2/service/codebuild v1.26.5/go.mod h1:G2JUWf01sbb5/A8qGcM4dqy4nbl4y4IGWmaCDWAvA2Y=
github.com/aws/aws-sdk-go-v2/service/codecommit v1.20.0 h1:bKW3m6CmWzV/HNqgHiv+HNH0epvyUhnfGAkMzIegUIo=
github.com/aws/aws-sdk-go-v2/service/codecommit v1.20.0/go.mod h1:pI87yFGLN6qjkKhI4Hdh1cpcak8bu/QAJFesJNCSj7k=
github.com/aws/aws-sdk-go-v2/service/codedeploy v1.22.2 h1:3b8fwDhM0bJoOVglvM1w4665Ry6mrb3Rp+AH8iGI6qg=
github.com/aws/aws-sdk-go-v2/service/codedeploy v1.22.2/go.mod h1:RiusqJl55/p7S8LNMh2J3ZsDHDqxRiPdsfIaZRKeEUo=
github.com/aws/aws-sdk-go-v2/service/datapipeline v1.19.5 h1:zkIKbco/gM4fmbU90ajz4ah3ErgAgot7aTE0PpIxNuE=
github.com/aws/aws-sdk-go-v2/service/datapipeline v1.19.5/go.mod h1:+G+TF84SIgMdGDjZKKYPpx6LwXSN4QcywQGa8e2vJ1U=
github.com/aws/aws-sdk-go-v2/service/directoryservice v1.24.4 h1:XBgx3sdaA0SoPXsZSNSUL14H0UnYnTSVArieaYNv0EI=
github.com/aws/aws-sdk-go-v2/service/directoryservice v1.24.4/go.mod h1:Lm/qj7nCC0zEFoAdjbun8xLkflPFNbbspQVZgQQiOz8=
github.com/aws/aws-sdk-go-v2/service/docdb v1.29.5 h1:txsajy47TIyoL7/BQt0VwqmzLPIsfAT/RWI9iD4q5vU=
github.com/aws/aws-sdk-go-v2/service/docdb v1.29.5/go.mod h1:8d1RpdlgxFU6VO2aWru1ckR0Vsm4EgqCZgOamw5OHpw=
github.com/aws/aws-sdk-go-v2/service/dynamodb v1.26.7 h1:X60rMbnylU1xmmhv4+/N78t+lKOCC4ELst5eR25dyqg=
github.com/aws/aws-sdk-go-v2/service/dynamodb v1.26.7/go.mod h1:o7TD9sjdgrl8l/g2a2IkYjuhxjPy9DMP2sWo7piaRBQ=
github.com/aws/aws-sdk-go-v2/service/ec2 v1.142.0 h1:VrFC1uEZjX4ghkm/et8ATVGb1mT75Iv8aPKPjUE+F8A=
github.com/aws/aws-sdk-go-v2/service/ec2 v1.142.0/go.mod h1:qjhtI9zjpUHRc6khtrIM9fb48+ii6+UikL3/b+MKYn0=
github.com/aws/aws-sdk-go-v2/service/ecr v1.24.6 h1:cT7h+GWP2k0hJSsPmppKgxl4C9R6gCC5/oF4oHnmpK4=
github.com/aws/aws-sdk-go-v2/service/ecr v1.24.6/go.mod h1:AOHmGMoPtSY9Zm2zBuwUJQBisIvYAZeA1n7b6f4e880=
github.com/aws/aws-sdk-go-v2/service/ecs v1.35.6 h1:Sc2mLjyA1R8z2l705AN7Wr7QOlnUxVnGPJeDIVyUSrs=
github.com/aws/aws-sdk-go-v2/service/ecs v1.35.6/go.mod h1:LzHcyOEvaLjbc5e+fP/KmPWBr+h/Ef+EHvnf1Pzo368=
github.com/aws/aws-sdk-go-v2/service/efs v1.26.5 h1:N1ezZV2yy7NV2w/bA4s4I/+0n2xpL4DzlmroEg5qFsg=
github.com/aws/aws-sdk-go-v2/service/efs v1.26.5/go.mod h1:PJHqaboMcF/eLy1F/Y9hyls4CQGP5+T5f0iRq6CPXu4=
github.com/aws/aws-sdk-go-v2/service/eks v1.37.0 h1:tCIkZ/ZdJMGZ1MOwdcioYhOUkkD4F58KFvQTgR3ZIlc=
github.com/aws/aws-sdk-go-v2/service/eks v1.37.0/go.mod h1:L1uv3UgQlAkdM9v0gpec7nnfUiQkCnGMjBE7MJArfWQ=
github.com/aws/aws-sdk-go-v2/service/elasticache v1.34.6 h1:Y/5eE9Sc+OBID9pZ4EVFzyQviv1d1RbqB17HRur9ySg=
github.com/aws/aws-sdk-go-v2/service/elasticache v1.34.6/go.mod h1:iPx2i26hgUULkNh1Jk4QzYzzQKd2nXl/rD9Fm5hQ2uk=
github.com/aws/aws-sdk-go-v2/service/elasticbeanstalk v1.20.5 h1:wUyVpgx2Rs8wYFbzeZTN2uzAuORh8Ea5iV1eIDjatM0=
github.com/aws/aws-sdk-go-v2/service/elasticbeanstalk v1.20.5/go.mod h1:EhlhcjyCljBHkCR17DvnvSnmVYrdgsIzPTH3+vnhaV0=
github.com/aws/aws-sdk-go-v2/service/elasticloadbalancing v1.21.6 h1:pTyTNb1QVqMT0livj/Goj+68cnJg7fe4o+wFZvasB4M=
github.com/aws/aws-sdk-go-v2/service/elasticloadbalancing v1.21.6/go.mod h1:N37+67ROdmH7BgLyp1cwCjRpKism3cwkeDlOktRLXMQ=
github.com/aws/aws-sdk-go-v2/service/elasticloadbalancingv2 v1.26.6 h1:twI2uRmpbm0KBog3Ay61IqOtNp6+QxKfSA78zftME/o=
github.com/aws/aws-sdk-go-v2/service/elasticloadbalancingv2 v1.26.6/go.mod h1:Tpt4kC8x1HfYuh2rG/6yXZrxjABETERrUl9IdA/IS98=
github.com/aws/aws-sdk-go-v2/service/emr v1.35.6 h1:eJ1K3IaNErKlR8MXg0c4aMjPpvp9qI39WCzx50u+XtQ=
github.com/aws/aws-sdk-go-v2/service/emr v1.35.6/go.mod h1:Drh6y2qLaw/wnDKTIcdqM2m358MIRXsZ2Bj2tjhVLq0=
github.com/aws/aws-sdk-go-v2/service/fsx v1.40.0 h1:bH7oEgVZ4pR27sciaYeNuACsZy6wQXjqRjli54tunOg=
github.com/aws/aws-sdk-go-v2/service/fsx v1.40.0/go.mod h1:GnnK4J/WQajWEAwXd/82wpF275XVhNgsYsXtK1baOjE=
github.com/aws/aws-sdk-go-v2/service/glue v1.73.0 h1:KMA3nvkeQf5I40cFjjl3GaoasKRPtph+J8RfcWlLlWU=
github.com/aws/aws-sdk-go-v2/service/glue v1.73.0/go.mod h1:ALQEuXs/XUdwrkAucRl3juNFbiomoaPICShOoGzHNiE=
github.com/aws/aws-sdk-go-v2/service/grafana v1.18.5 h1:1HGLgX6zvanwVsruEyamDDxXZKQlIPFZYzQVR5Zhv3Q=
github.com/aws/aws-sdk-go-v2/service/grafana v1.18.5/go.mod h1:g9Hl5MYDQtTfNldyymQL5/D93cxP8PGu2B/776IMml0=
github.com/aws/aws-sdk-go-v2/service/iam v1.28.5 h1:Ts2eDDuMLrrmd0ARlg5zSoBQUvhdthgiNnPdiykTJs0=
github.com/aws/aws-sdk-go-v2/service/iam v1.28.5/go.mod h1:kKI0gdVsf+Ev9knh/3lBJbchtX5LLNH25lAzx3KDj3Q=
github.com/aws/aws-sdk-go-v2/service/internal/accept-encoding v1.10.4 h1:/b31bi3YVNlkzkBrm9LfpaKoaYZUxIAj4sHfOTmLfqw=
github.com/aws/aws-sdk-go-v2/service/internal/accept-encoding v1.10.4/go.mod h1:2aGXHFmbInwgP9ZfpmdIfOELL79zhdNYNmReK8qDfdQ=
github.com/aws/aws-sdk-go-v2/service/internal/checksum v1.2.9 h1:/90OR2XbSYfXucBMJ4U14wrjlfleq/0SB6dZDPncgmo=
github.com/aws/aws-sdk-go-v2/service/internal/checksum v1.2.9/go.mod h1:dN/Of9/fNZet7UrQQ6kTDo/VSwKPIq94vjlU16bRARc=
github.com/aws/aws-sdk-go-v2/service/internal/endpoint-discovery v1.8.10 h1:h8uweImUHGgyNKrxIUwpPs6XiH0a6DJ17hSJvFLgPAo=
github.com/aws/aws-sdk-go-v2/service/internal/endpoint-discovery v1.8.10/go.mod h1:LZKVtMBiZfdvUWgwg61Qo6kyAmE5rn9Dw36AqnycvG8=
github.com/aws/aws-sdk-go-v2/service/internal/presigned-url v1.10.10 h1:DBYTXwIGQSGs9w4jKm60F5dmCQ3EEruxdc0MFh+3EY4=
github.com/aws/aws-sdk-go-v2/service/internal/presigned-url v1.10.10/go.mod h1:wohMUQiFdzo0NtxbBg0mSRGZ4vL3n0dKjLTINdcIino=
github.com/aws/aws-sdk-go-v2/service/internal/s3shared v1.16.9 h1:iEAeF6YC3l4FzlJPP9H3Ko1TXpdjdqWffxXjp8SY6uk=
github.com/aws/aws-sdk-go-v2/service/internal/s3shared v1.16.9/go.mod h1:kjsXoK23q9Z/tLBrckZLLyvjhZoS+AGrzqzUfEClvMM=
github.com/aws/aws-sdk-go-v2/service/kinesis v1.24.6 h1:FO/aIHk86VePDUh/3Q/A5pnvu45miO1GZB8rIq2BUlA=
github.com/aws/aws-sdk-go-v2/service/kinesis v1.24.6/go.mod h1:Sj7qc+P/GOGOPMDn8+B7Cs+WPq1Gk+R6CXRXVhZtWcA=
github.com/aws/aws-sdk-go-v2/service/lambda v1.49.6 h1:w8lI9zlVwRTL9f4KB9fRThddhRivv+EQQzv2nU8JDQo=
github.com/aws/aws-sdk-go-v2/service/lambda v1.49.6/go.mod h1:0V5z1X/8NA9eQ5cZSz5ZaHU8xA/hId2ZAlsHeO7Jrdk=
github.com/aws/aws-sdk-go-v2/service/lightsail v1.32.5 h1:0KVnA62WGcVdeJKH+DTUkxNms2OsIky+AmB2iX93eAs=
github.com/aws/aws-sdk-go-v2/service/lightsail v1.32.5/go.mod h1:wI7palPB84YaqCYglfNiyAlDcXTFbcJ9rDHMu15cFto=
github.com/aws/aws-sdk-go-v2/service/mq v1.20.6 h1:n86T5yw0kS6a5nbpkEpDzLPCBXXb35lx3iDkmQWlizA=
github.com/aws/aws-sdk-go-v2/service/mq v1.20.6/go.mod h1:phfKOOpMQhlBv2KE8gF17P82zLcSedA9b7fMSGTLBdQ=
github.com/aws/aws-sdk-go-v2/service/opensearch v1.27.1 h1:qmxbwQY/gnN7eBElvy9saejXWaKD6ENU8JF5SuoAWLQ=
github.com/aws/aws-sdk-go-v2/service/opensearch v1.27.1/go.mod h1:l89g2sqHGQRg0UZ1ldFfOxh96mZAGn8ZBlaXpoJ2psQ=
github.com/aws/aws-sdk-go-v2/service/organizations v1.23.5 h1:4sW8XPTtuH6PX8CUcpUxBKg0Pf67k1MOOgq9Y+v4ls8=
github.com/aws/aws-sdk-go-v2/service/organizations v1.23.5/go.mod h1:AMzAwJifk4gEft+ElIMFjOb2qUNqHODfjSszVL5Nfeo=
github.com/aws/aws-sdk-go-v2/service/ram v1.23.7 h1:xZdtfxmMRR65HqUFJ3Lfhzkmd9KhVI30TM8Sjj25Pio=
github.com/aws/aws-sdk-go-v2/service/ram v1.23.7/go.mod h1:VgmJolFAkLhZ5Qnnmyfqqyu6+Dt+5E761HzU2ou0Tjg=
github.com/aws/aws-sdk-go-v2/service/rds v1.66.0 h1:WUQ6kmnta31GhQvRJtHPVoO4hSNF8Yh2CQIFCZbhZ8g=
github.com/aws/aws-sdk-go-v2/service/rds v1.66.0/go.mod h1:MYzRMSdY70kcS8AFg0aHmk/xj6VAe0UfaCCoLrBWPow=
github.com/aws/aws-sdk-go-v2/service/redshift v1.39.7 h1:k4WaqQ7LHSGrSftCRXTRLv7WaozXu+fZ1jdisQSR2eU=
github.com/aws/aws-sdk-go-v2/service/redshift v1.39.7/go.mod h1:8hU0Ax6q6QA+jrMcWTE0A4YH594MQoWP3EzGO3GH5Dw=
github.com/aws/aws-sdk-go-v2/service/resourcegroupstaggingapi v1.19.6 h1:wiM6xGxWTPI8Yck4efgQGS0lanuMILbng8oukqa4bNM=
github.com/aws/aws-sdk-go-v2/service/resourcegroupstaggingapi v1.19.6/go.mod h1:Nngchp1Q7LNBS8J10r4P0npfroNRaCVz6wWNfBz7j4E=
github.com/aws/aws-sdk-go-v2/service/route53 v1.36.0 h1:7wh6KdJnej4T7sE/xfnZf5T+GQzp6GfoZi+5r6ZPlW8=
github.com/aws/aws-sdk-go-v2/service/route53 v1.36.0/go.mod h1:F9El48+5Tf+TkYJB/6M9H7oqXw9Mr9eVetwJ6SUql7g=
github.com/aws/aws-sdk-go-v2/service/s3 v1.47.7 h1:o0ASbVwUAIrfp/WcCac+6jioZt4Hd8k/1X8u7GJ/QeM=
github.com/aws/aws-sdk-go-v2/service/s3 v1.47.7/go.mod h1:vADO6Jn+Rq4nDtfwNjhgR84qkZwiC6FqCaXdw/kYwjA=
github.com/aws/aws-sdk-go-v2/service/sagemaker v1.122.0 h1:YSTmNx+/qyprl8gkBdkxuKW7lI1zPRG7QBSDJVdiZic=
github.com/aws/aws-sdk-go-v2/service/sagemaker v1.122.0/go.mod h1:aGWPLBmB3O7wnYYJLHZdahmPt/ai3QAnOTjxxNmMB2A=
github.com/aws/aws-sdk-go-v2/service/secretsmanager v1.26.0 h1:dPCRgAL4WD9tSMaDglRNGOiAtSTjkwNiUW5GDpWFfHA=
github.com/aws/aws-sdk-go-v2/service/secretsmanager v1.26.0/go.mod h1:4Ae1NCLK6ghmjzd45Tc33GgCKhUWD2ORAlULtMO1Cbs=
github.com/aws/aws-sdk-go-v2/service/sfn v1.24.6 h1:agEKwGJ+CyvQ2oARsHsA8fn/CCz7I402CgfWcnhIPGE=
github.com/aws/aws-sdk-go-v2/service/sfn v1.24.6/go.mod h1:goJW4NkHiLfCWTNykK9w7PkACje1y9OIT1IOn8kmRvw=
github.com/aws/aws-sdk-go-v2/service/sns v1.26.6 h1:w2YwF8889ardGU3Y0qZbJ4Zzh+Q/QqKZ4kwkK7JFvnI=
github.com/aws/aws-sdk-go-v2/service/sns v1.26.6/go.mod h1:IrcbquqMupzndZ20BXxDxjM7XenTRhbwBOetk4+Z5oc=
github.com/aws/aws-sdk-go-v2/service/sqs v1.29.6 h1:UdbDTllc7cmusTTMy1dcTrYKRl4utDEsmKh9ZjvhJCc=
github.com/aws/aws-sdk-go-v2/service/sqs v1.29.6/go.mod h1:mCUv04gd/7g+/HNzDB4X6dzJuygji0ckvB3Lg/TdG5Y=
github.com/aws/aws-sdk-go-v2/service/ssm v1.44.6 h1:EZw+TRx/4qlfp6VJ0P1sx04Txd9yGNK+NiO1upaXmh4=
github.com/aws/aws-sdk-go-v2/service/ssm v1.44.6/go.mod h1:uXndCJoDO9gpuK24rNWVCnrGNUydKFEAYAZ7UU9S0rQ=
github.com/aws/aws-sdk-go-v2/service/sso v1.18.5 h1:ldSFWz9tEHAwHNmjx2Cvy1MjP5/L9kNoR0skc6wyOOM=
github.com/aws/aws-sdk-go-v2/service/sso v1.18.5/go.mod h1:CaFfXLYL376jgbP7VKC96uFcU8Rlavak0UlAwk1Dlhc=
github.com/aws/aws-sdk-go-v2/service/ssooidc v1.21.5 h1:2k9KmFawS63euAkY4/ixVNsYYwrwnd5fIvgEKkfZFNM=
github.com/aws/aws-sdk-go-v2/service/ssooidc v1.21.5/go.mod h1:W+nd4wWDVkSUIox9bacmkBP5NMFQeTJ/xqNabpzSR38=
github.com/aws/aws-sdk-go-v2/service/sts v1.26.6 h1:HJeiuZ2fldpd0WqngyMR6KW7ofkXNLyOaHwEIGm39Cs=
github.com/aws/aws-sdk-go-v2/service/sts v1.26.6/go.mod h1:XX5gh4CB7wAs4KhcF46G6C8a2i7eupU19dcAAE+EydU=
github.com/aws/smithy-go v1.19.0 h1:KWFKQV80DpP3vJrrA9sVAHQ5gc2z8i4EzrLhLlWXcBM=
github.com/aws/smithy-go v1.19.0/go.mod h1:NukqUGpCZIILqqiV0NIjeFh24kd/FAa4beRb6nbIUPE=
github.com/aws/smithy-go v1.20.2 h1:tbp628ireGtzcHDDmLT/6ADHidqnwgF57XOXZe6tp4Q=
github.com/aws/smithy-go v1.20.2/go.mod h1:krry+ya/rV9RDcV/Q16kpu6ypI4K2czasz0NC3qS14E=
github.com/bishopfox/awsservicemap v1.0.3 h1:0T+mJLwG+vQV9+o3dzwzxhWJWE40VpoCLWtaPBwixYc=
github.com/bishopfox/awsservicemap v1.0.3/go.mod h1:oy9Fyqh6AozQjShSx+zRNouTlp7k3z3YEMoFkN8rquc=
github.com/bishopfox/knownawsaccountslookup v0.0.0-20231228165844-c37ef8df33cb h1:ot96tC/kdm0GKV1kl+aXJorqJbyx92R9bjRQvbBmLKU=
github.com/bishopfox/knownawsaccountslookup v0.0.0-20231228165844-c37ef8df33cb/go.mod h1:2OnSqu4B86+2xGSIE5D4z3Rze9yJ/LNNjNXHhwMR+vY=
github.com/cpuguy83/go-md2man/v2 v2.0.3/go.mod h1:tgQtvFlXSQOSOSIRvRPT7W67SCa46tRHOmNcaadrF8o=
github.com/davecgh/go-spew v1.1.0/go.mod h1:J7Y8YcW2NihsgmVo/mv3lAwl/skON4iLHjSsI+c5H38=
github.com/davecgh/go-spew v1.1.1 h1:vj9j/u1bqnvCEfJOwUhtlOARqs3+rkHYY13jYWTU97c=
github.com/davecgh/go-spew v1.1.1/go.mod h1:J7Y8YcW2NihsgmVo/mv3lAwl/skON4iLHjSsI+c5H38=
github.com/dimchansky/utfbom v1.1.1 h1:vV6w1AhK4VMnhBno/TPVCoK9U/LP0PkLCS9tbxHdi/U=
github.com/dimchansky/utfbom v1.1.1/go.mod h1:SxdoEBH5qIqFocHMyGOXVAybYJdr71b1Q/j0mACtrfE=
github.com/dnaeon/go-vcr v1.2.0 h1:zHCHvJYTMh1N7xnV7zf1m1GPBF9Ad0Jk/whtQ1663qI=
github.com/dnaeon/go-vcr v1.2.0/go.mod h1:R4UdLID7HZT3taECzJs4YgbbH6PIGXB6W/sc5OLb6RQ=
github.com/dominikbraun/graph v0.23.0 h1:TdZB4pPqCLFxYhdyMFb1TBdFxp8XLcJfTTBQucVPgCo=
github.com/dominikbraun/graph v0.23.0/go.mod h1:yOjYyogZLY1LSG9E33JWZJiq5k83Qy2C6POAuiViluc=
github.com/fatih/color v1.16.0 h1:zmkK9Ngbjj+K0yRhTVONQh1p/HknKYSlNT+vZCzyokM=
github.com/fatih/color v1.16.0/go.mod h1:fL2Sau1YI5c0pdGEVCbKQbLXB6edEj1ZgiY4NijnWvE=
github.com/go-openapi/errors v0.21.0 h1:FhChC/duCnfoLj1gZ0BgaBmzhJC2SL/sJr8a2vAobSY=
github.com/go-openapi/errors v0.21.0/go.mod h1:jxNTMUxRCKj65yb/okJGEtahVd7uvWnuWfj53bse4ho=
github.com/go-openapi/strfmt v0.21.10 h1:JIsly3KXZB/Qf4UzvzJpg4OELH/0ASDQsyk//TTBDDk=
github.com/go-openapi/strfmt v0.21.10/go.mod h1:vNDMwbilnl7xKiO/Ve/8H8Bb2JIInBnH+lqiw6QWgis=
github.com/golang-jwt/jwt/v4 v4.0.0/go.mod h1:/xlHOz8bRuivTWchD4jCa+NbatV+wEUSzwAxVc6locg=
github.com/golang-jwt/jwt/v4 v4.2.0/go.mod h1:/xlHOz8bRuivTWchD4jCa+NbatV+wEUSzwAxVc6locg=
github.com/golang-jwt/jwt/v4 v4.5.0 h1:7cYmW1XlMY7h7ii7UhUyChSgS5wUJEnm9uZVTGqOWzg=
github.com/golang-jwt/jwt/v4 v4.5.0/go.mod h1:m21LjoU+eqJr34lmDMbreY2eSTRJ1cv77w39/MY0Ch0=
github.com/golang-jwt/jwt/v5 v5.2.0 h1:d/ix8ftRUorsN+5eMIlF4T6J8CAt9rch3My2winC1Jw=
github.com/golang-jwt/jwt/v5 v5.2.0/go.mod h1:pqrtFR0X4osieyHYxtmOUWsAWrfe1Q5UVIyoH402zdk=
github.com/golang/snappy v0.0.1/go.mod h1:/XxbfmMg8lxefKM7IXC3fBNl/7bRcc72aCRzEWrmP2Q=
github.com/google/go-cmp v0.5.2/go.mod h1:v8dTdLbMG2kIc/vJvl+f65V22dbkXbowE6jgT/gNBxE=
github.com/google/go-cmp v0.5.8 h1:e6P7q2lk1O+qJJb4BtCQXlK8vWEO8V1ZeuEdJNOqZyg=
github.com/google/go-cmp v0.5.8/go.mod h1:17dUlkBOakJ0+DkrSSNjCkIjxS6bF9zb3elmeNGIjoY=
github.com/google/uuid v1.5.0 h1:1p67kYwdtXjb0gL0BPiP1Av9wiZPo5A8z2cWkTZ+eyU=
github.com/google/uuid v1.5.0/go.mod h1:TIyPZe4MgqvfeYDBFedMoGGpEw/LqOeaOT+nhxU+yHo=
github.com/inconshreveable/mousetrap v1.1.0 h1:wN+x4NVGpMsO7ErUn/mUI3vEoE6Jt13X2s0bqwp9tc8=
github.com/inconshreveable/mousetrap v1.1.0/go.mod h1:vpF70FUmC8bwa3OWnCshd2FqLfsEA9PFc4w1p2J65bw=
github.com/jedib0t/go-pretty v4.3.0+incompatible h1:CGs8AVhEKg/n9YbUenWmNStRW2PHJzaeDodcfvRAbIo=
github.com/jedib0t/go-pretty v4.3.0+incompatible/go.mod h1:XemHduiw8R651AF9Pt4FwCTKeG3oo7hrHJAoznj9nag=
github.com/jmespath/go-jmespath v0.4.0 h1:BEgLn5cpjn8UN1mAw4NjwDrS35OdebyEtFe+9YPoQUg=
github.com/jmespath/go-jmespath v0.4.0/go.mod h1:T8mJZnbsbmF+m6zOOFylbeCJqk5+pHWvzYPziyZiYoo=
github.com/jmespath/go-jmespath/internal/testify v1.5.1 h1:shLQSRRSCCPj3f2gpwzGwWFoC7ycTf1rcQZHOlsJ6N8=
github.com/jmespath/go-jmespath/internal/testify v1.5.1/go.mod h1:L3OGu8Wl2/fWfCI6z80xFu9LTZmf1ZRjMHUOPmWr69U=
github.com/klauspost/compress v1.13.6/go.mod h1:/3/Vjq9QcHkK5uEr5lBEmyoZ1iFhe47etQ6QUkpK6sk=
github.com/kr/text v0.2.0 h1:5Nx0Ya0ZqY2ygV366QzturHI13Jq95ApcVaJBhpS+AY=
github.com/kr/text v0.2.0/go.mod h1:eLer722TekiGuMkidMxC/pM04lWEeraHUUmBw8l2grE=
github.com/kylelemons/godebug v1.1.0 h1:RPNrshWIDI6G2gRW9EHilWtl7Z6Sb1BR0xunSBf0SNc=
github.com/kylelemons/godebug v1.1.0/go.mod h1:9/0rRGxNHcop5bhtWyNeEfOS8JIWk580+fNqagV/RAw=
github.com/kyokomi/emoji v2.2.4+incompatible h1:np0woGKwx9LiHAQmwZx79Oc0rHpNw3o+3evou4BEPv4=
github.com/kyokomi/emoji v2.2.4+incompatible/go.mod h1:mZ6aGCD7yk8j6QY6KICwnZ2pxoszVseX1DNoGtU2tBA=
github.com/mattn/go-colorable v0.1.13 h1:fFA4WZxdEF4tXPZVKMLwD8oUnCTTo08duU7wxecdEvA=
github.com/mattn/go-colorable v0.1.13/go.mod h1:7S9/ev0klgBDR4GtXTXX8a3vIGJpMovkB8vQcUbaXHg=
github.com/mattn/go-isatty v0.0.16/go.mod h1:kYGgaQfpe5nmfYZH+SKPsOc2e4SrIfOl2e/yFXSvRLM=
github.com/mattn/go-isatty v0.0.20 h1:xfD0iDuEKnDkl03q4limB+vH+GxLEtL/jb4xVJSWWEY=
github.com/mattn/go-isatty v0.0.20/go.mod h1:W+V8PltTTMOvKvAeJH7IuucS94S2C6jfK/D7dTCTo3Y=
github.com/mattn/go-runewidth v0.0.15 h1:UNAjwbU9l54TA3KzvqLGxwWjHmMgBUVhBiTjelZgg3U=
github.com/mattn/go-runewidth v0.0.15/go.mod h1:Jdepj2loyihRzMpdS35Xk/zdY8IAYHsh153qUoGf23w=
github.com/mitchellh/go-homedir v1.1.0 h1:lukF9ziXFxDFPkA1vsr5zpc1XuPDn/wFntq5mG+4E0Y=
github.com/mitchellh/go-homedir v1.1.0/go.mod h1:SfyaCUpYCn1Vlf4IUYiD9fPX4A5wJrkLzIz1N1q0pr0=
github.com/mitchellh/mapstructure v1.5.0 h1:jeMsZIYE/09sWLaz43PL7Gy6RuMjD2eJVyuac5Z2hdY=
github.com/mitchellh/mapstructure v1.5.0/go.mod h1:bFUtVrKA4DC2yAKiSyO/QUcy7e+RRV2QTWOzhPopBRo=
github.com/montanaflynn/stats v0.0.0-20171201202039-1bf9dbcd8cbe/go.mod h1:wL8QJuTMNUDYhXwkmfOly8iTdp5TEcJFWZD2D7SIkUc=
github.com/niemeyer/pretty v0.0.0-20200227124842-a10e7caefd8e h1:fD57ERR4JtEqsWbfPhv4DMiApHyliiK5xCTNVSPiaAs=
github.com/niemeyer/pretty v0.0.0-20200227124842-a10e7caefd8e/go.mod h1:zD1mROLANZcx1PVRCS0qkT7pwLkGfwJo4zjcN/Tysno=
github.com/oklog/ulid v1.3.1 h1:EGfNDEx6MqHz8B3uNV6QAib1UR2Lm97sHi3ocA6ESJ4=
github.com/oklog/ulid v1.3.1/go.mod h1:CirwcVhetQ6Lv90oh/F+FBtV6XMibvdAFo93nm5qn4U=
github.com/patrickmn/go-cache v2.1.0+incompatible h1:HRMgzkcYKYpi3C8ajMPV8OFXaaRUnok+kx1WdO15EQc=
github.com/patrickmn/go-cache v2.1.0+incompatible/go.mod h1:3Qf8kWWT7OJRJbdiICTKqZju1ZixQ/KpMGzzAfe6+WQ=
github.com/pkg/browser v0.0.0-20210911075715-681adbf594b8 h1:KoWmjvw+nsYOo29YJK9vDA65RGE3NrOnUtO7a+RF9HU=
github.com/pkg/browser v0.0.0-20210911075715-681adbf594b8/go.mod h1:HKlIX3XHQyzLZPlr7++PzdhaXEj94dEiJgZDTsxEqUI=
github.com/pmezard/go-difflib v1.0.0 h1:4DBwDE0NGyQoBHbLQYPwSUPoCMWR5BEzIk/f1lZbAQM=
github.com/pmezard/go-difflib v1.0.0/go.mod h1:iKH77koFhYxTK1pcRnkKkqfTogsbg7gZNVY4sRDYZ/4=
github.com/rivo/uniseg v0.2.0/go.mod h1:J6wj4VEh+S6ZtnVlnTBMWIodfgj8LQOQFoIToxlJtxc=
github.com/rivo/uniseg v0.4.4 h1:8TfxU8dW6PdqD27gjM8MVNuicgxIjxpm4K7x4jp8sis=
github.com/rivo/uniseg v0.4.4/go.mod h1:FN3SvrM+Zdj16jyLfmOkMNblXMcoc8DfTHruCPUcx88=
github.com/russross/blackfriday/v2 v2.1.0/go.mod h1:+Rmxgy9KzJVeS9/2gXHxylqXiyQDYRxCVz55jmeOWTM=
github.com/sirupsen/logrus v1.9.3 h1:dueUQJ1C2q9oE3F7wvmSGAaVtTmUizReu6fjN8uqzbQ=
github.com/sirupsen/logrus v1.9.3/go.mod h1:naHLuLoDiP4jHNo9R0sCBMtWGeIprob74mVsIT4qYEQ=
github.com/spf13/afero v1.11.0 h1:WJQKhtpdm3v2IzqG8VMqrr6Rf3UYpEF239Jy9wNepM8=
github.com/spf13/afero v1.11.0/go.mod h1:GH9Y3pIexgf1MTIWtNGyogA5MwRIDXGUr+hbWNoBjkY=
github.com/spf13/cobra v1.8.0 h1:7aJaZx1B85qltLMc546zn58BxxfZdR/W22ej9CFoEf0=
github.com/spf13/cobra v1.8.0/go.mod h1:WXLWApfZ71AjXPya3WOlMsY9yMs7YeiHhFVlvLyhcho=
github.com/spf13/pflag v1.0.5 h1:iy+VFUOCP1a+8yFto/drg2CJ5u0yRoB7fZw3DKv/JXA=
github.com/spf13/pflag v1.0.5/go.mod h1:McXfInJRrz4CZXVZOBLb0bTZqETkiAhM9Iw0y3An2Bg=
github.com/stretchr/objx v0.1.0/go.mod h1:HFkY916IF+rwdDfMAkV7OtwuqBVzrE8GR6GFx+wExME=
github.com/stretchr/objx v0.4.0/go.mod h1:YvHI0jy2hoMjB+UWwv71VJQ9isScKT/TqJzVSSt89Yw=
github.com/stretchr/objx v0.5.0/go.mod h1:Yh+to48EsGEfYuaHDzXPcE3xhTkx73EhmCGUpEOglKo=
github.com/stretchr/testify v1.3.0/go.mod h1:M5WIy9Dh21IEIfnGCwXGc5bZfKNJtfHm1UVUgZn+9EI=
github.com/stretchr/testify v1.7.0/go.mod h1:6Fq8oRcR53rry900zMqJjRRixrwX3KX962/h/Wwjteg=
github.com/stretchr/testify v1.7.1/go.mod h1:6Fq8oRcR53rry900zMqJjRRixrwX3KX962/h/Wwjteg=
github.com/stretchr/testify v1.8.0/go.mod h1:yNjHg4UonilssWZ8iaSj1OCr/vHnekPRkoO+kdMU+MU=
github.com/stretchr/testify v1.8.2/go.mod h1:w2LPCIKwWwSfY2zedu0+kehJoqGctiVI29o6fzry7u4=
github.com/stretchr/testify v1.8.4 h1:CcVxjf3Q8PM0mHUKJCdn+eZZtm5yQwehR5yeSVQQcUk=
github.com/stretchr/testify v1.8.4/go.mod h1:sz/lmYIOXD/1dqDmKjjqLyZ2RngseejIcXlSw2iwfAo=
github.com/xdg-go/pbkdf2 v1.0.0/go.mod h1:jrpuAogTd400dnrH08LKmI/xc1MbPOebTwRqcT5RDeI=
github.com/xdg-go/scram v1.1.2/go.mod h1:RT/sEzTbU5y00aCK8UOx6R7YryM0iF1N2MOmC3kKLN4=
github.com/xdg-go/stringprep v1.0.4/go.mod h1:mPGuuIYwz7CmR2bT9j4GbQqutWS1zV24gijq1dTyGkM=
github.com/youmark/pkcs8 v0.0.0-20181117223130-1be2e3e5546d/go.mod h1:rHwXgn7JulP+udvsHwJoVG1YGAP6VLg4y9I5dyZdqmA=
github.com/yuin/goldmark v1.4.13/go.mod h1:6yULJ656Px+3vBD8DxQVa3kxgyrAnzto9xy5taEt/CY=
go.mongodb.org/mongo-driver v1.13.1 h1:YIc7HTYsKndGK4RFzJ3covLz1byri52x0IoMB0Pt/vk=
go.mongodb.org/mongo-driver v1.13.1/go.mod h1:wcDf1JBCXy2mOW0bWHwO/IOYqdca1MPCwDtFu/Z9+eo=
golang.org/x/crypto v0.0.0-20190308221718-c2843e01d9a2/go.mod h1:djNgcEr1/C05ACkg1iLfiJU5Ep61QUkGW8qpdssI0+w=
golang.org/x/crypto v0.0.0-20210921155107-089bfa567519/go.mod h1:GvvjBRRGRdwPK5ydBHafDWAxML/pGHZbMvKqRZ5+Abc=
golang.org/x/crypto v0.0.0-20211215153901-e495a2d5b3d3/go.mod h1:IxCIyHEi3zRg3s0A5j5BB6A9Jmi73HwBIUl50j+osU4=
golang.org/x/crypto v0.0.0-20220622213112-05595931fe9d/go.mod h1:IxCIyHEi3zRg3s0A5j5BB6A9Jmi73HwBIUl50j+osU4=
golang.org/x/crypto v0.0.0-20220722155217-630584e8d5aa/go.mod h1:IxCIyHEi3zRg3s0A5j5BB6A9Jmi73HwBIUl50j+osU4=
golang.org/x/crypto v0.6.0/go.mod h1:OFC/31mSvZgRz0V1QTNCzfAI1aIRzbiufJtkMIlEp58=
golang.org/x/crypto v0.17.0 h1:r8bRNjWL3GshPW3gkd+RpvzWrZAwPS49OmTGZ/uhM4k=
golang.org/x/crypto v0.17.0/go.mod h1:gCAAfMLgwOJRpTjQ2zCCt2OcSfYMTeZVSRtQlPC7Nq4=
golang.org/x/mod v0.6.0-dev.0.20220419223038-86c51ed26bb4/go.mod h1:jJ57K6gSWd91VN4djpZkiMVwK6gcyfeH4XE8wZrZaV4=
golang.org/x/net v0.0.0-20190620200207-3b0461eec859/go.mod h1:z5CRVTTTmAJ677TzLLGU+0bjPO0LkuOLi4/5GtJWs/s=
golang.org/x/net v0.0.0-20210226172049-e18ecbb05110/go.mod h1:m0MpNAwzfU5UDzcl9v0D8zg8gWTRqZa9RBIspLL5mdg=
golang.org/x/net v0.0.0-20211112202133-69e39bad7dc2/go.mod h1:9nx3DQGgdP8bBQD5qxJ1jj9UTztislL4KSBs9R2vV5Y=
golang.org/x/net v0.0.0-20220722155237-a158d28d115b/go.mod h1:XRhObCWvk6IyKnWLug+ECip1KBveYUHfp+8e9klMJ9c=
golang.org/x/net v0.6.0/go.mod h1:2Tu9+aMcznHK/AK1HMvgo6xiTLG5rD5rZLDS+rp2Bjs=
golang.org/x/net v0.19.0 h1:zTwKpTd2XuCqf8huc7Fo2iSy+4RHPd10s4KzeTnVr1c=
golang.org/x/net v0.19.0/go.mod h1:CfAk/cbD4CthTvqiEl8NpboMuiuOYsAr/7NOjZJtv1U=
golang.org/x/sync v0.0.0-20190423024810-112230192c58/go.mod h1:RxMgew5VJxzue5/jJTE5uejpjVlOe/izrB70Jof72aM=
golang.org/x/sync v0.0.0-20220722155255-886fb9371eb4/go.mod h1:RxMgew5VJxzue5/jJTE5uejpjVlOe/izrB70Jof72aM=
golang.org/x/sys v0.0.0-20190215142949-d0b11bdaac8a/go.mod h1:STP8DvDyc/dI5b8T5hshtkjS+E42TnysNCUPdjciGhY=
golang.org/x/sys v0.0.0-20201119102817-f84b799fce68/go.mod h1:h1NjWce9XRLGQEsW7wpKNCjG9DtNlClVuFLEZdDNbEs=
golang.org/x/sys v0.0.0-20210423082822-04245dca01da/go.mod h1:h1NjWce9XRLGQEsW7wpKNCjG9DtNlClVuFLEZdDNbEs=
golang.org/x/sys v0.0.0-20210615035016-665e8c7367d1/go.mod h1:oPkhp1MJrh7nUepCBck5+mAzfO9JrbApNNgaTdGDITg=
golang.org/x/sys v0.0.0-20210616045830-e2b7044e8c71/go.mod h1:oPkhp1MJrh7nUepCBck5+mAzfO9JrbApNNgaTdGDITg=
golang.org/x/sys v0.0.0-20220520151302-bc2c85ada10a/go.mod h1:oPkhp1MJrh7nUepCBck5+mAzfO9JrbApNNgaTdGDITg=
golang.org/x/sys v0.0.0-20220715151400-c0bba94af5f8/go.mod h1:oPkhp1MJrh7nUepCBck5+mAzfO9JrbApNNgaTdGDITg=
golang.org/x/sys v0.0.0-20220722155257-8c9f86f7a55f/go.mod h1:oPkhp1MJrh7nUepCBck5+mAzfO9JrbApNNgaTdGDITg=
golang.org/x/sys v0.0.0-20220811171246-fbc7d0a398ab/go.mod h1:oPkhp1MJrh7nUepCBck5+mAzfO9JrbApNNgaTdGDITg=
golang.org/x/sys v0.5.0/go.mod h1:oPkhp1MJrh7nUepCBck5+mAzfO9JrbApNNgaTdGDITg=
golang.org/x/sys v0.6.0/go.mod h1:oPkhp1MJrh7nUepCBck5+mAzfO9JrbApNNgaTdGDITg=
golang.org/x/sys v0.15.0 h1:h48lPFYpsTvQJZF4EKyI4aLHaev3CxivZmv7yZig9pc=
golang.org/x/sys v0.15.0/go.mod h1:/VUhepiaJMQUp4+oa/7Zr1D23ma6VTLIYjOOTFZPUcA=
golang.org/x/term v0.0.0-20201126162022-7de9c90e9dd1/go.mod h1:bj7SfCRtBDWHUb9snDiAeCFNEtKQo2Wmx5Cou7ajbmo=
golang.org/x/term v0.0.0-20210927222741-03fcf44c2211/go.mod h1:jbD1KX2456YbFQfuXm/mYQcufACuNUgVhRMnK/tPxf8=
golang.org/x/term v0.5.0/go.mod h1:jMB1sMXY+tzblOD4FWmEbocvup2/aLOaQEp7JmGp78k=
golang.org/x/term v0.15.0 h1:y/Oo/a/q3IXu26lQgl04j/gjuBDOBlx7X6Om1j2CPW4=
golang.org/x/term v0.15.0/go.mod h1:BDl952bC7+uMoWR75FIrCDx79TPU9oHkTZ9yRbYOrX0=
golang.org/x/text v0.3.0/go.mod h1:NqM8EUOU14njkJ3fqMW+pc6Ldnwhi/IjpwHt7yyuwOQ=
golang.org/x/text v0.3.3/go.mod h1:5Zoc/QRtKVWzQhOtBMvqHzDpF6irO9z98xDceosuGiQ=
golang.org/x/text v0.3.6/go.mod h1:5Zoc/QRtKVWzQhOtBMvqHzDpF6irO9z98xDceosuGiQ=
golang.org/x/text v0.3.7/go.mod h1:u+2+/6zg+i71rQMx5EYifcz6MCKuco9NR6JIITiCfzQ=
golang.org/x/text v0.3.8/go.mod h1:E6s5w1FMmriuDzIBO73fBruAKo1PCIq6d2Q6DHfQ8WQ=
golang.org/x/text v0.7.0/go.mod h1:mrYo+phRRbMaCq/xk9113O4dZlRixOauAjOtrjsXDZ8=
golang.org/x/text v0.14.0 h1:ScX5w1eTa3QqT8oi6+ziP7dTV1S2+ALU0bI+0zXKWiQ=
golang.org/x/text v0.14.0/go.mod h1:18ZOQIKpY8NJVqYksKHtTdi31H5itFRjB5/qKTNYzSU=
golang.org/x/tools v0.0.0-20180917221912-90fa682c2a6e/go.mod h1:n7NCudcB/nEzxVGmLbDWY5pfWTLqBcC2KZ6jyYvM4mQ=
golang.org/x/tools v0.0.0-20191119224855-298f0cb1881e/go.mod h1:b+2E5dAYhXwXZwtnZ6UAqBI28+e2cm9otk0dWdXHAEo=
golang.org/x/tools v0.1.12/go.mod h1:hNGJHUnrk76NpqgfD5Aqm5Crs+Hm0VOH/i9J2+nxYbc=
golang.org/x/xerrors v0.0.0-20190717185122-a985d3407aa7/go.mod h1:I/5z698sn9Ka8TeJc9MKroUUfqBBauWjQqLJ2OPfmY0=
golang.org/x/xerrors v0.0.0-20191204190536-9bdfabe68543/go.mod h1:I/5z698sn9Ka8TeJc9MKroUUfqBBauWjQqLJ2OPfmY0=
gopkg.in/check.v1 v0.0.0-20161208181325-20d25e280405/go.mod h1:Co6ibVJAznAaIkqp8huTwlJQCZ016jof/cbN4VW5Yz0=
gopkg.in/check.v1 v1.0.0-20200227125254-8fa46927fb4f h1:BLraFXnmrev5lT+xlilqcH8XK9/i0At2xKjWk4p6zsU=
gopkg.in/check.v1 v1.0.0-20200227125254-8fa46927fb4f/go.mod h1:Co6ibVJAznAaIkqp8huTwlJQCZ016jof/cbN4VW5Yz0=
gopkg.in/yaml.v2 v2.2.8/go.mod h1:hI93XBmqTisBFMUTm0b8Fm+jr3Dg1NNxqwp+5A1VGuI=
gopkg.in/yaml.v2 v2.4.0 h1:D8xgwECY7CYvx+Y2n4sBz93Jn9JRvxdiyyo8CTfuKaY=
gopkg.in/yaml.v2 v2.4.0/go.mod h1:RDklbk79AGWmwhnvt/jBztapEOGDOx6ZbXqjP6csGnQ=
gopkg.in/yaml.v3 v3.0.0-20200313102051-9f266ea9e77c/go.mod h1:K4uyk7z7BCEPqu6E+C64Yfv1cQ7kz7rIZviUmN+EgEM=
gopkg.in/yaml.v3 v3.0.1 h1:fxVm/GzAzEWqLHuvctI91KS9hhNmmWOoWu0XTYJS7CA=
gopkg.in/yaml.v3 v3.0.1/go.mod h1:K4uyk7z7BCEPqu6E+C64Yfv1cQ7kz7rIZviUmN+EgEM=
